
Microsoft Visual Studio Solution File, Format Version 12.00
# Visual Studio 15
VisualStudioVersion = 15.0.26730.16
MinimumVisualStudioVersion = 10.0.40219.1
Project("{FAE04EC0-301F-11D3-BF4B-00C04F79EFBC}") = "AmmyUIExmaple.Android", "AmmyUIExmaple\AmmyUIExmaple.Android\AmmyUIExmaple.Android.csproj", "{22DC3815-8868-4A05-ADD1-94E5F9E4FFEE}"
EndProject
Project("{FAE04EC0-301F-11D3-BF4B-00C04F79EFBC}") = "AmmyUIExmaple", "AmmyUIExmaple\AmmyUIExmaple\AmmyUIExmaple.csproj", "{ACF21789-4C6A-45F6-9065-08D48D6F3416}"
EndProject
Project("{FAE04EC0-301F-11D3-BF4B-00C04F79EFBC}") = "AmmyUIExmaple.UWP", "AmmyUIExmaple\AmmyUIExmaple.UWP\AmmyUIExmaple.UWP.csproj", "{CCE18FB6-8FF0-44EC-9F33-27D4AB895F2D}"
EndProject
Project("{FAE04EC0-301F-11D3-BF4B-00C04F79EFBC}") = "AmmyUIExmaple.iOS", "AmmyUIExmaple\AmmyUIExmaple.iOS\AmmyUIExmaple.iOS.csproj", "{7D0814A6-28B7-4228-B6BB-7A885DEBC591}"
EndProject
Global
	GlobalSection(SolutionConfigurationPlatforms) = preSolution
		Ad-Hoc|Any CPU = Ad-Hoc|Any CPU
		Ad-Hoc|ARM = Ad-Hoc|ARM
		Ad-Hoc|iPhone = Ad-Hoc|iPhone
		Ad-Hoc|iPhoneSimulator = Ad-Hoc|iPhoneSimulator
		Ad-Hoc|x64 = Ad-Hoc|x64
		Ad-Hoc|x86 = Ad-Hoc|x86
		AppStore|Any CPU = AppStore|Any CPU
		AppStore|ARM = AppStore|ARM
		AppStore|iPhone = AppStore|iPhone
		AppStore|iPhoneSimulator = AppStore|iPhoneSimulator
		AppStore|x64 = AppStore|x64
		AppStore|x86 = AppStore|x86
		Debug|Any CPU = Debug|Any CPU
		Debug|ARM = Debug|ARM
		Debug|iPhone = Debug|iPhone
		Debug|iPhoneSimulator = Debug|iPhoneSimulator
		Debug|x64 = Debug|x64
		Debug|x86 = Debug|x86
		Release|Any CPU = Release|Any CPU
		Release|ARM = Release|ARM
		Release|iPhone = Release|iPhone
		Release|iPhoneSimulator = Release|iPhoneSimulator
		Release|x64 = Release|x64
		Release|x86 = Release|x86
	EndGlobalSection
	GlobalSection(ProjectConfigurationPlatforms) = postSolution
		{22DC3815-8868-4A05-ADD1-94E5F9E4FFEE}.Ad-Hoc|Any CPU.ActiveCfg = Release|Any CPU
		{22DC3815-8868-4A05-ADD1-94E5F9E4FFEE}.Ad-Hoc|Any CPU.Build.0 = Release|Any CPU
		{22DC3815-8868-4A05-ADD1-94E5F9E4FFEE}.Ad-Hoc|Any CPU.Deploy.0 = Release|Any CPU
		{22DC3815-8868-4A05-ADD1-94E5F9E4FFEE}.Ad-Hoc|ARM.ActiveCfg = Release|Any CPU
		{22DC3815-8868-4A05-ADD1-94E5F9E4FFEE}.Ad-Hoc|ARM.Build.0 = Release|Any CPU
		{22DC3815-8868-4A05-ADD1-94E5F9E4FFEE}.Ad-Hoc|ARM.Deploy.0 = Release|Any CPU
		{22DC3815-8868-4A05-ADD1-94E5F9E4FFEE}.Ad-Hoc|iPhone.ActiveCfg = Release|Any CPU
		{22DC3815-8868-4A05-ADD1-94E5F9E4FFEE}.Ad-Hoc|iPhone.Build.0 = Release|Any CPU
		{22DC3815-8868-4A05-ADD1-94E5F9E4FFEE}.Ad-Hoc|iPhone.Deploy.0 = Release|Any CPU
		{22DC3815-8868-4A05-ADD1-94E5F9E4FFEE}.Ad-Hoc|iPhoneSimulator.ActiveCfg = Release|Any CPU
		{22DC3815-8868-4A05-ADD1-94E5F9E4FFEE}.Ad-Hoc|iPhoneSimulator.Build.0 = Release|Any CPU
		{22DC3815-8868-4A05-ADD1-94E5F9E4FFEE}.Ad-Hoc|iPhoneSimulator.Deploy.0 = Release|Any CPU
		{22DC3815-8868-4A05-ADD1-94E5F9E4FFEE}.Ad-Hoc|x64.ActiveCfg = Release|Any CPU
		{22DC3815-8868-4A05-ADD1-94E5F9E4FFEE}.Ad-Hoc|x64.Build.0 = Release|Any CPU
		{22DC3815-8868-4A05-ADD1-94E5F9E4FFEE}.Ad-Hoc|x64.Deploy.0 = Release|Any CPU
		{22DC3815-8868-4A05-ADD1-94E5F9E4FFEE}.Ad-Hoc|x86.ActiveCfg = Release|Any CPU
		{22DC3815-8868-4A05-ADD1-94E5F9E4FFEE}.Ad-Hoc|x86.Build.0 = Release|Any CPU
		{22DC3815-8868-4A05-ADD1-94E5F9E4FFEE}.Ad-Hoc|x86.Deploy.0 = Release|Any CPU
		{22DC3815-8868-4A05-ADD1-94E5F9E4FFEE}.AppStore|Any CPU.ActiveCfg = Release|Any CPU
		{22DC3815-8868-4A05-ADD1-94E5F9E4FFEE}.AppStore|Any CPU.Build.0 = Release|Any CPU
		{22DC3815-8868-4A05-ADD1-94E5F9E4FFEE}.AppStore|Any CPU.Deploy.0 = Release|Any CPU
		{22DC3815-8868-4A05-ADD1-94E5F9E4FFEE}.AppStore|ARM.ActiveCfg = Release|Any CPU
		{22DC3815-8868-4A05-ADD1-94E5F9E4FFEE}.AppStore|ARM.Build.0 = Release|Any CPU
		{22DC3815-8868-4A05-ADD1-94E5F9E4FFEE}.AppStore|ARM.Deploy.0 = Release|Any CPU
		{22DC3815-8868-4A05-ADD1-94E5F9E4FFEE}.AppStore|iPhone.ActiveCfg = Release|Any CPU
		{22DC3815-8868-4A05-ADD1-94E5F9E4FFEE}.AppStore|iPhone.Build.0 = Release|Any CPU
		{22DC3815-8868-4A05-ADD1-94E5F9E4FFEE}.AppStore|iPhone.Deploy.0 = Release|Any CPU
		{22DC3815-8868-4A05-ADD1-94E5F9E4FFEE}.AppStore|iPhoneSimulator.ActiveCfg = Release|Any CPU
		{22DC3815-8868-4A05-ADD1-94E5F9E4FFEE}.AppStore|iPhoneSimulator.Build.0 = Release|Any CPU
		{22DC3815-8868-4A05-ADD1-94E5F9E4FFEE}.AppStore|iPhoneSimulator.Deploy.0 = Release|Any CPU
		{22DC3815-8868-4A05-ADD1-94E5F9E4FFEE}.AppStore|x64.ActiveCfg = Release|Any CPU
		{22DC3815-8868-4A05-ADD1-94E5F9E4FFEE}.AppStore|x64.Build.0 = Release|Any CPU
		{22DC3815-8868-4A05-ADD1-94E5F9E4FFEE}.AppStore|x64.Deploy.0 = Release|Any CPU
		{22DC3815-8868-4A05-ADD1-94E5F9E4FFEE}.AppStore|x86.ActiveCfg = Release|Any CPU
		{22DC3815-8868-4A05-ADD1-94E5F9E4FFEE}.AppStore|x86.Build.0 = Release|Any CPU
		{22DC3815-8868-4A05-ADD1-94E5F9E4FFEE}.AppStore|x86.Deploy.0 = Release|Any CPU
		{22DC3815-8868-4A05-ADD1-94E5F9E4FFEE}.Debug|Any CPU.ActiveCfg = Debug|Any CPU
		{22DC3815-8868-4A05-ADD1-94E5F9E4FFEE}.Debug|Any CPU.Build.0 = Debug|Any CPU
		{22DC3815-8868-4A05-ADD1-94E5F9E4FFEE}.Debug|Any CPU.Deploy.0 = Debug|Any CPU
		{22DC3815-8868-4A05-ADD1-94E5F9E4FFEE}.Debug|ARM.ActiveCfg = Debug|Any CPU
		{22DC3815-8868-4A05-ADD1-94E5F9E4FFEE}.Debug|ARM.Build.0 = Debug|Any CPU
		{22DC3815-8868-4A05-ADD1-94E5F9E4FFEE}.Debug|ARM.Deploy.0 = Debug|Any CPU
		{22DC3815-8868-4A05-ADD1-94E5F9E4FFEE}.Debug|iPhone.ActiveCfg = Debug|Any CPU
		{22DC3815-8868-4A05-ADD1-94E5F9E4FFEE}.Debug|iPhone.Build.0 = Debug|Any CPU
		{22DC3815-8868-4A05-ADD1-94E5F9E4FFEE}.Debug|iPhone.Deploy.0 = Debug|Any CPU
		{22DC3815-8868-4A05-ADD1-94E5F9E4FFEE}.Debug|iPhoneSimulator.ActiveCfg = Debug|Any CPU
		{22DC3815-8868-4A05-ADD1-94E5F9E4FFEE}.Debug|iPhoneSimulator.Build.0 = Debug|Any CPU
		{22DC3815-8868-4A05-ADD1-94E5F9E4FFEE}.Debug|iPhoneSimulator.Deploy.0 = Debug|Any CPU
		{22DC3815-8868-4A05-ADD1-94E5F9E4FFEE}.Debug|x64.ActiveCfg = Debug|Any CPU
		{22DC3815-8868-4A05-ADD1-94E5F9E4FFEE}.Debug|x64.Build.0 = Debug|Any CPU
		{22DC3815-8868-4A05-ADD1-94E5F9E4FFEE}.Debug|x64.Deploy.0 = Debug|Any CPU
		{22DC3815-8868-4A05-ADD1-94E5F9E4FFEE}.Debug|x86.ActiveCfg = Debug|Any CPU
		{22DC3815-8868-4A05-ADD1-94E5F9E4FFEE}.Debug|x86.Build.0 = Debug|Any CPU
		{22DC3815-8868-4A05-ADD1-94E5F9E4FFEE}.Debug|x86.Deploy.0 = Debug|Any CPU
		{22DC3815-8868-4A05-ADD1-94E5F9E4FFEE}.Release|Any CPU.ActiveCfg = Release|Any CPU
		{22DC3815-8868-4A05-ADD1-94E5F9E4FFEE}.Release|Any CPU.Build.0 = Release|Any CPU
		{22DC3815-8868-4A05-ADD1-94E5F9E4FFEE}.Release|Any CPU.Deploy.0 = Release|Any CPU
		{22DC3815-8868-4A05-ADD1-94E5F9E4FFEE}.Release|ARM.ActiveCfg = Release|Any CPU
		{22DC3815-8868-4A05-ADD1-94E5F9E4FFEE}.Release|ARM.Build.0 = Release|Any CPU
		{22DC3815-8868-4A05-ADD1-94E5F9E4FFEE}.Release|ARM.Deploy.0 = Release|Any CPU
		{22DC3815-8868-4A05-ADD1-94E5F9E4FFEE}.Release|iPhone.ActiveCfg = Release|Any CPU
		{22DC3815-8868-4A05-ADD1-94E5F9E4FFEE}.Release|iPhone.Build.0 = Release|Any CPU
		{22DC3815-8868-4A05-ADD1-94E5F9E4FFEE}.Release|iPhone.Deploy.0 = Release|Any CPU
		{22DC3815-8868-4A05-ADD1-94E5F9E4FFEE}.Release|iPhoneSimulator.ActiveCfg = Release|Any CPU
		{22DC3815-8868-4A05-ADD1-94E5F9E4FFEE}.Release|iPhoneSimulator.Build.0 = Release|Any CPU
		{22DC3815-8868-4A05-ADD1-94E5F9E4FFEE}.Release|iPhoneSimulator.Deploy.0 = Release|Any CPU
		{22DC3815-8868-4A05-ADD1-94E5F9E4FFEE}.Release|x64.ActiveCfg = Release|Any CPU
		{22DC3815-8868-4A05-ADD1-94E5F9E4FFEE}.Release|x64.Build.0 = Release|Any CPU
		{22DC3815-8868-4A05-ADD1-94E5F9E4FFEE}.Release|x64.Deploy.0 = Release|Any CPU
		{22DC3815-8868-4A05-ADD1-94E5F9E4FFEE}.Release|x86.ActiveCfg = Release|Any CPU
		{22DC3815-8868-4A05-ADD1-94E5F9E4FFEE}.Release|x86.Build.0 = Release|Any CPU
		{22DC3815-8868-4A05-ADD1-94E5F9E4FFEE}.Release|x86.Deploy.0 = Release|Any CPU
		{ACF21789-4C6A-45F6-9065-08D48D6F3416}.Ad-Hoc|Any CPU.ActiveCfg = Release|Any CPU
		{ACF21789-4C6A-45F6-9065-08D48D6F3416}.Ad-Hoc|Any CPU.Build.0 = Release|Any CPU
		{ACF21789-4C6A-45F6-9065-08D48D6F3416}.Ad-Hoc|ARM.ActiveCfg = Release|Any CPU
		{ACF21789-4C6A-45F6-9065-08D48D6F3416}.Ad-Hoc|ARM.Build.0 = Release|Any CPU
		{ACF21789-4C6A-45F6-9065-08D48D6F3416}.Ad-Hoc|iPhone.ActiveCfg = Release|Any CPU
		{ACF21789-4C6A-45F6-9065-08D48D6F3416}.Ad-Hoc|iPhone.Build.0 = Release|Any CPU
		{ACF21789-4C6A-45F6-9065-08D48D6F3416}.Ad-Hoc|iPhoneSimulator.ActiveCfg = Release|Any CPU
		{ACF21789-4C6A-45F6-9065-08D48D6F3416}.Ad-Hoc|iPhoneSimulator.Build.0 = Release|Any CPU
		{ACF21789-4C6A-45F6-9065-08D48D6F3416}.Ad-Hoc|x64.ActiveCfg = Release|Any CPU
		{ACF21789-4C6A-45F6-9065-08D48D6F3416}.Ad-Hoc|x64.Build.0 = Release|Any CPU
		{ACF21789-4C6A-45F6-9065-08D48D6F3416}.Ad-Hoc|x86.ActiveCfg = Release|Any CPU
		{ACF21789-4C6A-45F6-9065-08D48D6F3416}.Ad-Hoc|x86.Build.0 = Release|Any CPU
		{ACF21789-4C6A-45F6-9065-08D48D6F3416}.AppStore|Any CPU.ActiveCfg = Release|Any CPU
		{ACF21789-4C6A-45F6-9065-08D48D6F3416}.AppStore|Any CPU.Build.0 = Release|Any CPU
		{ACF21789-4C6A-45F6-9065-08D48D6F3416}.AppStore|ARM.ActiveCfg = Release|Any CPU
		{ACF21789-4C6A-45F6-9065-08D48D6F3416}.AppStore|ARM.Build.0 = Release|Any CPU
		{ACF21789-4C6A-45F6-9065-08D48D6F3416}.AppStore|iPhone.ActiveCfg = Release|Any CPU
		{ACF21789-4C6A-45F6-9065-08D48D6F3416}.AppStore|iPhone.Build.0 = Release|Any CPU
		{ACF21789-4C6A-45F6-9065-08D48D6F3416}.AppStore|iPhoneSimulator.ActiveCfg = Release|Any CPU
		{ACF21789-4C6A-45F6-9065-08D48D6F3416}.AppStore|iPhoneSimulator.Build.0 = Release|Any CPU
		{ACF21789-4C6A-45F6-9065-08D48D6F3416}.AppStore|x64.ActiveCfg = Release|Any CPU
		{ACF21789-4C6A-45F6-9065-08D48D6F3416}.AppStore|x64.Build.0 = Release|Any CPU
		{ACF21789-4C6A-45F6-9065-08D48D6F3416}.AppStore|x86.ActiveCfg = Release|Any CPU
		{ACF21789-4C6A-45F6-9065-08D48D6F3416}.AppStore|x86.Build.0 = Release|Any CPU
		{ACF21789-4C6A-45F6-9065-08D48D6F3416}.Debug|Any CPU.ActiveCfg = Debug|Any CPU
		{ACF21789-4C6A-45F6-9065-08D48D6F3416}.Debug|Any CPU.Build.0 = Debug|Any CPU
		{ACF21789-4C6A-45F6-9065-08D48D6F3416}.Debug|ARM.ActiveCfg = Debug|Any CPU
		{ACF21789-4C6A-45F6-9065-08D48D6F3416}.Debug|ARM.Build.0 = Debug|Any CPU
		{ACF21789-4C6A-45F6-9065-08D48D6F3416}.Debug|iPhone.ActiveCfg = Debug|Any CPU
		{ACF21789-4C6A-45F6-9065-08D48D6F3416}.Debug|iPhone.Build.0 = Debug|Any CPU
		{ACF21789-4C6A-45F6-9065-08D48D6F3416}.Debug|iPhoneSimulator.ActiveCfg = Debug|Any CPU
		{ACF21789-4C6A-45F6-9065-08D48D6F3416}.Debug|iPhoneSimulator.Build.0 = Debug|Any CPU
		{ACF21789-4C6A-45F6-9065-08D48D6F3416}.Debug|x64.ActiveCfg = Debug|Any CPU
		{ACF21789-4C6A-45F6-9065-08D48D6F3416}.Debug|x64.Build.0 = Debug|Any CPU
		{ACF21789-4C6A-45F6-9065-08D48D6F3416}.Debug|x86.ActiveCfg = Debug|Any CPU
		{ACF21789-4C6A-45F6-9065-08D48D6F3416}.Debug|x86.Build.0 = Debug|Any CPU
		{ACF21789-4C6A-45F6-9065-08D48D6F3416}.Release|Any CPU.ActiveCfg = Release|Any CPU
		{ACF21789-4C6A-45F6-9065-08D48D6F3416}.Release|Any CPU.Build.0 = Release|Any CPU
		{ACF21789-4C6A-45F6-9065-08D48D6F3416}.Release|ARM.ActiveCfg = Release|Any CPU
		{ACF21789-4C6A-45F6-9065-08D48D6F3416}.Release|ARM.Build.0 = Release|Any CPU
		{ACF21789-4C6A-45F6-9065-08D48D6F3416}.Release|iPhone.ActiveCfg = Release|Any CPU
		{ACF21789-4C6A-45F6-9065-08D48D6F3416}.Release|iPhone.Build.0 = Release|Any CPU
		{ACF21789-4C6A-45F6-9065-08D48D6F3416}.Release|iPhoneSimulator.ActiveCfg = Release|Any CPU
		{ACF21789-4C6A-45F6-9065-08D48D6F3416}.Release|iPhoneSimulator.Build.0 = Release|Any CPU
		{ACF21789-4C6A-45F6-9065-08D48D6F3416}.Release|x64.ActiveCfg = Release|Any CPU
		{ACF21789-4C6A-45F6-9065-08D48D6F3416}.Release|x64.Build.0 = Release|Any CPU
		{ACF21789-4C6A-45F6-9065-08D48D6F3416}.Release|x86.ActiveCfg = Release|Any CPU
		{ACF21789-4C6A-45F6-9065-08D48D6F3416}.Release|x86.Build.0 = Release|Any CPU
		{CCE18FB6-8FF0-44EC-9F33-27D4AB895F2D}.Ad-Hoc|Any CPU.ActiveCfg = Release|x86
		{CCE18FB6-8FF0-44EC-9F33-27D4AB895F2D}.Ad-Hoc|Any CPU.Build.0 = Release|x86
		{CCE18FB6-8FF0-44EC-9F33-27D4AB895F2D}.Ad-Hoc|Any CPU.Deploy.0 = Release|x86
		{CCE18FB6-8FF0-44EC-9F33-27D4AB895F2D}.Ad-Hoc|ARM.ActiveCfg = Release|ARM
		{CCE18FB6-8FF0-44EC-9F33-27D4AB895F2D}.Ad-Hoc|ARM.Build.0 = Release|ARM
		{CCE18FB6-8FF0-44EC-9F33-27D4AB895F2D}.Ad-Hoc|ARM.Deploy.0 = Release|ARM
		{CCE18FB6-8FF0-44EC-9F33-27D4AB895F2D}.Ad-Hoc|iPhone.ActiveCfg = Release|x86
		{CCE18FB6-8FF0-44EC-9F33-27D4AB895F2D}.Ad-Hoc|iPhone.Build.0 = Release|x86
		{CCE18FB6-8FF0-44EC-9F33-27D4AB895F2D}.Ad-Hoc|iPhone.Deploy.0 = Release|x86
		{CCE18FB6-8FF0-44EC-9F33-27D4AB895F2D}.Ad-Hoc|iPhoneSimulator.ActiveCfg = Release|x86
		{CCE18FB6-8FF0-44EC-9F33-27D4AB895F2D}.Ad-Hoc|iPhoneSimulator.Build.0 = Release|x86
		{CCE18FB6-8FF0-44EC-9F33-27D4AB895F2D}.Ad-Hoc|iPhoneSimulator.Deploy.0 = Release|x86
		{CCE18FB6-8FF0-44EC-9F33-27D4AB895F2D}.Ad-Hoc|x64.ActiveCfg = Release|x64
		{CCE18FB6-8FF0-44EC-9F33-27D4AB895F2D}.Ad-Hoc|x64.Build.0 = Release|x64
		{CCE18FB6-8FF0-44EC-9F33-27D4AB895F2D}.Ad-Hoc|x64.Deploy.0 = Release|x64
		{CCE18FB6-8FF0-44EC-9F33-27D4AB895F2D}.Ad-Hoc|x86.ActiveCfg = Release|x86
		{CCE18FB6-8FF0-44EC-9F33-27D4AB895F2D}.Ad-Hoc|x86.Build.0 = Release|x86
		{CCE18FB6-8FF0-44EC-9F33-27D4AB895F2D}.Ad-Hoc|x86.Deploy.0 = Release|x86
		{CCE18FB6-8FF0-44EC-9F33-27D4AB895F2D}.AppStore|Any CPU.ActiveCfg = Release|x86
		{CCE18FB6-8FF0-44EC-9F33-27D4AB895F2D}.AppStore|Any CPU.Build.0 = Release|x86
		{CCE18FB6-8FF0-44EC-9F33-27D4AB895F2D}.AppStore|Any CPU.Deploy.0 = Release|x86
		{CCE18FB6-8FF0-44EC-9F33-27D4AB895F2D}.AppStore|ARM.ActiveCfg = Release|ARM
		{CCE18FB6-8FF0-44EC-9F33-27D4AB895F2D}.AppStore|ARM.Build.0 = Release|ARM
		{CCE18FB6-8FF0-44EC-9F33-27D4AB895F2D}.AppStore|ARM.Deploy.0 = Release|ARM
		{CCE18FB6-8FF0-44EC-9F33-27D4AB895F2D}.AppStore|iPhone.ActiveCfg = Release|x86
		{CCE18FB6-8FF0-44EC-9F33-27D4AB895F2D}.AppStore|iPhone.Build.0 = Release|x86
		{CCE18FB6-8FF0-44EC-9F33-27D4AB895F2D}.AppStore|iPhone.Deploy.0 = Release|x86
		{CCE18FB6-8FF0-44EC-9F33-27D4AB895F2D}.AppStore|iPhoneSimulator.ActiveCfg = Release|x86
		{CCE18FB6-8FF0-44EC-9F33-27D4AB895F2D}.AppStore|iPhoneSimulator.Build.0 = Release|x86
		{CCE18FB6-8FF0-44EC-9F33-27D4AB895F2D}.AppStore|iPhoneSimulator.Deploy.0 = Release|x86
		{CCE18FB6-8FF0-44EC-9F33-27D4AB895F2D}.AppStore|x64.ActiveCfg = Release|x64
		{CCE18FB6-8FF0-44EC-9F33-27D4AB895F2D}.AppStore|x64.Build.0 = Release|x64
		{CCE18FB6-8FF0-44EC-9F33-27D4AB895F2D}.AppStore|x64.Deploy.0 = Release|x64
		{CCE18FB6-8FF0-44EC-9F33-27D4AB895F2D}.AppStore|x86.ActiveCfg = Release|x86
		{CCE18FB6-8FF0-44EC-9F33-27D4AB895F2D}.AppStore|x86.Build.0 = Release|x86
		{CCE18FB6-8FF0-44EC-9F33-27D4AB895F2D}.AppStore|x86.Deploy.0 = Release|x86
		{CCE18FB6-8FF0-44EC-9F33-27D4AB895F2D}.Debug|Any CPU.ActiveCfg = Debug|x86
		{CCE18FB6-8FF0-44EC-9F33-27D4AB895F2D}.Debug|ARM.ActiveCfg = Debug|ARM
		{CCE18FB6-8FF0-44EC-9F33-27D4AB895F2D}.Debug|ARM.Build.0 = Debug|ARM
		{CCE18FB6-8FF0-44EC-9F33-27D4AB895F2D}.Debug|ARM.Deploy.0 = Debug|ARM
		{CCE18FB6-8FF0-44EC-9F33-27D4AB895F2D}.Debug|iPhone.ActiveCfg = Debug|x86
		{CCE18FB6-8FF0-44EC-9F33-27D4AB895F2D}.Debug|iPhoneSimulator.ActiveCfg = Debug|x86
		{CCE18FB6-8FF0-44EC-9F33-27D4AB895F2D}.Debug|x64.ActiveCfg = Debug|x64
		{CCE18FB6-8FF0-44EC-9F33-27D4AB895F2D}.Debug|x64.Build.0 = Debug|x64
		{CCE18FB6-8FF0-44EC-9F33-27D4AB895F2D}.Debug|x64.Deploy.0 = Debug|x64
		{CCE18FB6-8FF0-44EC-9F33-27D4AB895F2D}.Debug|x86.ActiveCfg = Debug|x86
		{CCE18FB6-8FF0-44EC-9F33-27D4AB895F2D}.Debug|x86.Build.0 = Debug|x86
		{CCE18FB6-8FF0-44EC-9F33-27D4AB895F2D}.Debug|x86.Deploy.0 = Debug|x86
		{CCE18FB6-8FF0-44EC-9F33-27D4AB895F2D}.Release|Any CPU.ActiveCfg = Release|x86
		{CCE18FB6-8FF0-44EC-9F33-27D4AB895F2D}.Release|ARM.ActiveCfg = Release|ARM
		{CCE18FB6-8FF0-44EC-9F33-27D4AB895F2D}.Release|ARM.Build.0 = Release|ARM
		{CCE18FB6-8FF0-44EC-9F33-27D4AB895F2D}.Release|ARM.Deploy.0 = Release|ARM
		{CCE18FB6-8FF0-44EC-9F33-27D4AB895F2D}.Release|iPhone.ActiveCfg = Release|x86
		{CCE18FB6-8FF0-44EC-9F33-27D4AB895F2D}.Release|iPhoneSimulator.ActiveCfg = Release|x86
		{CCE18FB6-8FF0-44EC-9F33-27D4AB895F2D}.Release|x64.ActiveCfg = Release|x64
		{CCE18FB6-8FF0-44EC-9F33-27D4AB895F2D}.Release|x64.Build.0 = Release|x64
		{CCE18FB6-8FF0-44EC-9F33-27D4AB895F2D}.Release|x64.Deploy.0 = Release|x64
		{CCE18FB6-8FF0-44EC-9F33-27D4AB895F2D}.Release|x86.ActiveCfg = Release|x86
		{CCE18FB6-8FF0-44EC-9F33-27D4AB895F2D}.Release|x86.Build.0 = Release|x86
		{CCE18FB6-8FF0-44EC-9F33-27D4AB895F2D}.Release|x86.Deploy.0 = Release|x86
		{7D0814A6-28B7-4228-B6BB-7A885DEBC591}.Ad-Hoc|Any CPU.ActiveCfg = Ad-Hoc|iPhone
		{7D0814A6-28B7-4228-B6BB-7A885DEBC591}.Ad-Hoc|ARM.ActiveCfg = Ad-Hoc|iPhone
		{7D0814A6-28B7-4228-B6BB-7A885DEBC591}.Ad-Hoc|iPhone.ActiveCfg = Ad-Hoc|iPhone
		{7D0814A6-28B7-4228-B6BB-7A885DEBC591}.Ad-Hoc|iPhone.Build.0 = Ad-Hoc|iPhone
		{7D0814A6-28B7-4228-B6BB-7A885DEBC591}.Ad-Hoc|iPhoneSimulator.ActiveCfg = Ad-Hoc|iPhoneSimulator
		{7D0814A6-28B7-4228-B6BB-7A885DEBC591}.Ad-Hoc|iPhoneSimulator.Build.0 = Ad-Hoc|iPhoneSimulator
		{7D0814A6-28B7-4228-B6BB-7A885DEBC591}.Ad-Hoc|x64.ActiveCfg = Ad-Hoc|iPhone
		{7D0814A6-28B7-4228-B6BB-7A885DEBC591}.Ad-Hoc|x86.ActiveCfg = Ad-Hoc|iPhone
		{7D0814A6-28B7-4228-B6BB-7A885DEBC591}.AppStore|Any CPU.ActiveCfg = AppStore|iPhone
		{7D0814A6-28B7-4228-B6BB-7A885DEBC591}.AppStore|ARM.ActiveCfg = AppStore|iPhone
		{7D0814A6-28B7-4228-B6BB-7A885DEBC591}.AppStore|iPhone.ActiveCfg = AppStore|iPhone
		{7D0814A6-28B7-4228-B6BB-7A885DEBC591}.AppStore|iPhone.Build.0 = AppStore|iPhone
		{7D0814A6-28B7-4228-B6BB-7A885DEBC591}.AppStore|iPhoneSimulator.ActiveCfg = AppStore|iPhoneSimulator
		{7D0814A6-28B7-4228-B6BB-7A885DEBC591}.AppStore|iPhoneSimulator.Build.0 = AppStore|iPhoneSimulator
		{7D0814A6-28B7-4228-B6BB-7A885DEBC591}.AppStore|x64.ActiveCfg = AppStore|iPhone
		{7D0814A6-28B7-4228-B6BB-7A885DEBC591}.AppStore|x86.ActiveCfg = AppStore|iPhone
		{7D0814A6-28B7-4228-B6BB-7A885DEBC591}.Debug|Any CPU.ActiveCfg = Debug|iPhone
		{7D0814A6-28B7-4228-B6BB-7A885DEBC591}.Debug|ARM.ActiveCfg = Debug|iPhone
		{7D0814A6-28B7-4228-B6BB-7A885DEBC591}.Debug|iPhone.ActiveCfg = Debug|iPhone
		{7D0814A6-28B7-4228-B6BB-7A885DEBC591}.Debug|iPhone.Build.0 = Debug|iPhone
		{7D0814A6-28B7-4228-B6BB-7A885DEBC591}.Debug|iPhoneSimulator.ActiveCfg = Debug|iPhoneSimulator
		{7D0814A6-28B7-4228-B6BB-7A885DEBC591}.Debug|iPhoneSimulator.Build.0 = Debug|iPhoneSimulator
		{7D0814A6-28B7-4228-B6BB-7A885DEBC591}.Debug|x64.ActiveCfg = Debug|iPhone
		{7D0814A6-28B7-4228-B6BB-7A885DEBC591}.Debug|x86.ActiveCfg = Debug|iPhone
		{7D0814A6-28B7-4228-B6BB-7A885DEBC591}.Release|Any CPU.ActiveCfg = Release|iPhone
		{7D0814A6-28B7-4228-B6BB-7A885DEBC591}.Release|ARM.ActiveCfg = Release|iPhone
		{7D0814A6-28B7-4228-B6BB-7A885DEBC591}.Release|iPhone.ActiveCfg = Release|iPhone
		{7D0814A6-28B7-4228-B6BB-7A885DEBC591}.Release|iPhone.Build.0 = Release|iPhone
		{7D0814A6-28B7-4228-B6BB-7A885DEBC591}.Release|iPhoneSimulator.ActiveCfg = Release|iPhoneSimulator
		{7D0814A6-28B7-4228-B6BB-7A885DEBC591}.Release|iPhoneSimulator.Build.0 = Release|iPhoneSimulator
		{7D0814A6-28B7-4228-B6BB-7A885DEBC591}.Release|x64.ActiveCfg = Release|iPhone
		{7D0814A6-28B7-4228-B6BB-7A885DEBC591}.Release|x86.ActiveCfg = Release|iPhone
	EndGlobalSection
	GlobalSection(SolutionProperties) = preSolution
		HideSolutionNode = FALSE
	EndGlobalSection
	GlobalSection(ExtensibilityGlobals) = postSolution
		SolutionGuid = {E22BCF28-F85F-48A2-B6A6-C57A806BA31A}
	EndGlobalSection
EndGlobal
